# This file is autogenerated, do not edit; changes may be undone by the next 'dep ensure'.


[[projects]]
  digest = "0:"
  name = "cloud.google.com/go"
  packages = [
    ".",
    "compute/metadata",
    "firestore",
    "firestore/apiv1",
    "internal/btree",
    "internal/fields",
    "internal/trace",
    "internal/version",
  ]
  pruneopts = "UT"
  revision = "1575c3c31f1455670e5f399bc577832d0bb83cbc"
  version = "v0.70.0"

[[projects]]
  digest = "0:"
  name = "github.com/AlekSi/pointer"
  packages = ["."]
  pruneopts = "UT"
  revision = "4f2b1f4deff73a28288291183baa1e9dff4a93a5"
  version = "v1.1.0"

[[projects]]
  branch = "master"
  digest = "0:"
  name = "github.com/GeertJohan/go-sourcepath"
  packages = ["."]
  pruneopts = "UT"
  revision = "83e8b8723a9bf39481216e80575f4854c63ece4a"

[[projects]]
  digest = "0:"
  name = "github.com/Masterminds/semver"
  packages = ["."]
  pruneopts = "UT"
  revision = "805c489aa98f412e79eb308a37996bf9d8b1c91e"
  version = "v1.5.0"

[[projects]]
  digest = "0:"
  name = "github.com/StackExchange/wmi"
  packages = ["."]
  pruneopts = "UT"
  revision = "cbe66965904dbe8a6cd589e2298e5d8b986bd7dd"
  version = "1.1.0"

[[projects]]
  digest = "0:"
  name = "github.com/Unknwon/com"
  packages = ["."]
  pruneopts = "UT"
  revision = "757f69c95f3e6e3ef823a57bfc3b4ca50804523e"
  version = "v1.0.1"

[[projects]]
  digest = "0:"
  name = "github.com/Workiva/go-datastructures"
  packages = ["augmentedtree"]
  pruneopts = "UT"
  revision = "0819bcaf26091e7c33585441f8961854c2400faa"
  version = "v1.0.52"

[[projects]]
  digest = "0:"
  name = "github.com/airbrake/gobrake"
  packages = [
    ".",
    "internal/lrucache",
  ]
  pruneopts = "UT"
  revision = "18a968dfcf01d7c009129c485f5ca893e5b673ea"
  version = "v3.7.4"

[[projects]]
  digest = "0:"
  name = "github.com/armon/go-metrics"
  packages = ["."]
  pruneopts = "UT"
  revision = "1f80b100a845709d334078320f554ef96d0a8ac8"
  version = "v0.3.4"

[[projects]]
  digest = "0:"
  name = "github.com/bketelsen/crypt"
  packages = [
    "backend",
    "backend/consul",
    "backend/etcd",
    "backend/firestore",
    "config",
    "encoding/secconf",
  ]
  pruneopts = "UT"
  revision = "50dbdc1d2c6e9630ebcfd38e4aac5ce0dbf1d8e8"
  version = "v0.0.3"

[[projects]]
  branch = "master"
  digest = "0:"
  name = "github.com/c3sr/dlframework"
  packages = [
    ".",
    "framework/cmd",
    "framework/feature",
  ]
  pruneopts = "UT"
  revision = "ce9f1e914f304f39f3ca634526f77782b464686b"

[[projects]]
  digest = "0:"
  name = "github.com/caio/go-tdigest"
  packages = ["."]
  pruneopts = "UT"
  revision = "6d14e0c285cb678a3f4213fe5da8b6e9af0bfea4"
  version = "v3.1.0"

[[projects]]
  digest = "0:"
  name = "github.com/cenkalti/backoff"
  packages = ["."]
  pruneopts = "UT"
  revision = "5267b6dd4d2666b980a911bf235efa276222cbe2"
  version = "v2.2.1"

[[projects]]
  digest = "0:"
  name = "github.com/cheekybits/genny"
  packages = ["generic"]
  pruneopts = "UT"
  revision = "d2cf3cdd35ce0d789056c4bc02a4d6349c947caf"
  version = "v1.0.0"

[[projects]]
  digest = "0:"
  name = "github.com/cheggaaa/pb"
  packages = ["."]
  pruneopts = "UT"
  revision = "5784bcc95a1741c2ca2b46b19f1f3d398557300c"
  version = "v3.0.5"

[[projects]]
  digest = "0:"
  name = "github.com/chenjiandongx/go-echarts"
  packages = [
    "datasets",
    "datatypes",
    "templates",
  ]
  pruneopts = "UT"
  revision = "aeae62dcf8c194b1a6a27199922ab4887b991d86"
  version = "v1.0.0"

[[projects]]
  digest = "0:"
  name = "github.com/chewxy/math32"
  packages = ["."]
  pruneopts = "UT"
  revision = "690198fe423b6a6dacda06cdefa44cf45655dfd3"
  version = "1.01"

[[projects]]
  digest = "0:"
  name = "github.com/coreos/etcd"
  packages = ["client"]
  pruneopts = "UT"
  revision = "ae9734ed278b7a1a7dfc82e800471ebbf9fce56f"
  version = "v3.4.13"

[[projects]]
  digest = "0:"
  name = "github.com/coreos/go-semver"
  packages = ["semver"]
  pruneopts = "UT"
  revision = "e214231b295a8ea9479f11b70b35d5acf3556d9b"
  version = "v0.3.0"

[[projects]]
  digest = "0:"
  name = "github.com/coreos/go-systemd"
  packages = ["journal"]
  pruneopts = "UT"
  revision = "b51e752dd1c9c618846f8bc5b95ab524bd7b11c2"
  version = "v22.1.0"

[[projects]]
  digest = "0:"
  name = "github.com/davecgh/go-spew"
  packages = ["spew"]
  pruneopts = "UT"
  revision = "8991bc29aa16c548c550c7ff78260e27b9ab7c73"
  version = "v1.1.1"

[[projects]]
  digest = "0:"
  name = "github.com/evalphobia/logrus_fluent"
  packages = ["."]
  pruneopts = "UT"
  revision = "76779e73f35d90f5a873e7feaf6691999b2c5db4"
  version = "v0.4.0"

[[projects]]
  branch = "master"
  digest = "0:"
  name = "github.com/facebookgo/stack"
  packages = ["."]
  pruneopts = "UT"
  revision = "751773369052141c013c6e827a71e8f35c07879c"

[[projects]]
  digest = "0:"
  name = "github.com/fatih/color"
  packages = ["."]
  pruneopts = "UT"
  revision = "bc2269661d49c6c9d0e514eef49710556883f3fa"
  version = "v1.10.0"

[[projects]]
  digest = "0:"
  name = "github.com/fatih/structs"
  packages = ["."]
  pruneopts = "UT"
  revision = "4966fc68f5b7593aafa6cbbba2d65ec6e1416047"
  version = "v1.1.0"

[[projects]]
  digest = "0:"
  name = "github.com/fluent/fluent-logger-golang"
  packages = ["fluent"]
  pruneopts = "UT"
  revision = "28f6a3ee8e5d9b701d84d17b152432c176de10ad"
  version = "v1.5.0"

[[projects]]
  digest = "0:"
  name = "github.com/fsnotify/fsnotify"
  packages = ["."]
  pruneopts = "UT"
  revision = "45d7d09e39ef4ac08d493309fa031790c15bfe8a"
  version = "v1.4.9"

[[projects]]
  digest = "0:"
  name = "github.com/getlantern/deepcopy"
  packages = ["."]
  pruneopts = "UT"
  revision = "b923171e8640f94369e21e324b1b0465cb82ec9f"
  version = "v1"

[[projects]]
  digest = "0:"
  name = "github.com/go-ole/go-ole"
  packages = [
    ".",
    "oleutil",
  ]
  pruneopts = "UT"
  revision = "97b6244175ae18ea6eef668034fd6565847501c9"
  version = "v1.2.4"

[[projects]]
  digest = "0:"
  name = "github.com/gogo/protobuf"
  packages = [
    "gogoproto",
    "jsonpb",
    "proto",
    "protoc-gen-gogo/descriptor",
    "sortkeys",
    "types",
  ]
  pruneopts = "UT"
  revision = "5628607bb4c51c3157aacc3a50f0ab707582b805"
  version = "v1.3.1"

[[projects]]
  branch = "master"
  digest = "0:"
  name = "github.com/golang/groupcache"
  packages = ["lru"]
  pruneopts = "UT"
  revision = "8c9f03a8e57eb486e42badaed3fb287da51807ba"

[[projects]]
  branch = "master"
  digest = "0:"
  name = "github.com/golang/protobuf"
  packages = [
    "descriptor",
    "internal/gengogrpc",
    "jsonpb",
    "proto",
    "protoc-gen-go",
    "protoc-gen-go/descriptor",
    "ptypes",
    "ptypes/any",
    "ptypes/duration",
    "ptypes/timestamp",
    "ptypes/wrappers",
  ]
  pruneopts = "UT"
  revision = "4846b58453b3708320bdb524f25cc5a1d9cda4d4"

[[projects]]
  digest = "0:"
  name = "github.com/golang/snappy"
  packages = ["."]
  pruneopts = "UT"
  revision = "196ae77b8a26000fa30caa8b2b541e09674dbc43"
  version = "v0.0.2"

[[projects]]
  digest = "0:"
  name = "github.com/google/go-cmp"
  packages = [
    "cmp",
    "cmp/internal/diff",
    "cmp/internal/flags",
    "cmp/internal/function",
    "cmp/internal/value",
  ]
  pruneopts = "UT"
  revision = "d2fcc899bdc2d134b7c00e36137260db963e193c"
  version = "v0.5.2"

[[projects]]
  digest = "0:"
  name = "github.com/google/go-querystring"
  packages = ["query"]
  pruneopts = "UT"
  revision = "44c6ddd0a2342c386950e880b658017258da92fc"
  version = "v1.0.0"

[[projects]]
  digest = "0:"
  name = "github.com/googleapis/gax-go"
  packages = ["v2"]
  pruneopts = "UT"
  revision = "bd5b16380fd03dc758d11cef74ba2e3bc8b0e8c2"
  version = "v2.0.5"

[[projects]]
  digest = "0:"
  name = "github.com/grpc-ecosystem/grpc-gateway"
  packages = [
    "internal",
    "runtime",
    "utilities",
  ]
  pruneopts = "UT"
  revision = "094a6fe78b3ca888297d090185cdf30f0e42e157"
  version = "v1.16.0"

[[projects]]
  digest = "0:"
  name = "github.com/hashicorp/consul"
  packages = ["api"]
  pruneopts = "UT"
  revision = "1e03567d33a645e357c8154afc8e88be9d2cb10c"
  version = "v1.8.5"

[[projects]]
  digest = "0:"
  name = "github.com/hashicorp/go-cleanhttp"
  packages = ["."]
  pruneopts = "UT"
  revision = "eda1e5db218aad1db63ca4642c8906b26bcf2744"
  version = "v0.5.1"

[[projects]]
  digest = "0:"
  name = "github.com/hashicorp/go-hclog"
  packages = ["."]
  pruneopts = "UT"
  revision = "4a9e55fb9e7db75382c419e20dd1eb26821ec85e"
  version = "v0.14.1"

[[projects]]
  digest = "0:"
  name = "github.com/hashicorp/go-immutable-radix"
  packages = ["."]
  pruneopts = "UT"
  revision = "57230d80bd59689cded197c5065835b39d890dd0"
  version = "v1.3.0"

[[projects]]
  digest = "0:"
  name = "github.com/hashicorp/go-rootcerts"
  packages = ["."]
  pruneopts = "UT"
  revision = "98fadc2a5ba2ad2a534a179b352ecdfd1f4259aa"
  version = "v1.0.2"

[[projects]]
  digest = "0:"
  name = "github.com/hashicorp/golang-lru"
  packages = ["simplelru"]
  pruneopts = "UT"
  revision = "14eae340515388ca95aa8e7b86f0de668e981f54"
  version = "v0.5.4"

[[projects]]
  digest = "0:"
  name = "github.com/hashicorp/hcl"
  packages = [
    ".",
    "hcl/ast",
    "hcl/parser",
    "hcl/printer",
    "hcl/scanner",
    "hcl/strconv",
    "hcl/token",
    "json/parser",
    "json/scanner",
    "json/token",
  ]
  pruneopts = "UT"
  revision = "8cb6e5b959231cc1119e43259c4a608f9c51a241"
  version = "v1.0.0"

[[projects]]
  digest = "0:"
  name = "github.com/hashicorp/serf"
  packages = ["coordinate"]
  pruneopts = "UT"
  revision = "7faa1b06262f70780c3c35ac25a4c96d754f06f3"
  version = "v0.9.5"

[[projects]]
  branch = "master"
  digest = "0:"
  name = "github.com/ianlancetaylor/demangle"
  packages = ["."]
  pruneopts = "UT"
  revision = "28f6c0f3b63983aaa99575ca3b693afff7996387"

[[projects]]
  digest = "0:"
  name = "github.com/inconshreveable/mousetrap"
  packages = ["."]
  pruneopts = "UT"
  revision = "76626ae9c91c4f2a10f34cad8ce83ea42c93bb75"
  version = "v1.0"

[[projects]]
  digest = "0:"
  name = "github.com/josharian/intern"
  packages = ["."]
  pruneopts = "UT"
  revision = "8e6ff32b3e7c0b018c43953085fe2ac330fe9acd"
  version = "v1.0.0"

[[projects]]
  digest = "0:"
  name = "github.com/json-iterator/go"
  packages = ["."]
  pruneopts = "UT"
  revision = "a1ca0830781e007c66b225121d2cdb3a649421f6"
  version = "v1.1.10"

[[projects]]
  digest = "0:"
  name = "github.com/jstemmer/go-junit-report"
  packages = [
    ".",
    "formatter",
    "parser",
  ]
  pruneopts = "UT"
  revision = "cc1f095d5cc5eca2844f5c5ea7bb37f6b9bf6cac"
  version = "v0.9.1"

[[projects]]
  digest = "0:"
  name = "github.com/k0kubun/pp"
  packages = ["."]
  pruneopts = "UT"
  revision = "779f332785ad9842e3a90c2c020ae68135693d28"
  version = "v3.0.3"

[[projects]]
  digest = "0:"
  name = "github.com/levigross/grequests"
  packages = ["."]
  pruneopts = "UT"
  revision = "d0df86deffcb5d344ab23de5a958d41e44659568"
  version = "0.10"

[[projects]]
  digest = "0:"
  name = "github.com/magiconair/properties"
  packages = ["."]
  pruneopts = "UT"
  revision = "0e5c09062c2daef666bd279e2d2d9f25f218f2be"
  version = "v1.8.4"

[[projects]]
  branch = "master"
  digest = "0:"
  name = "github.com/mailru/easyjson"
  packages = [
    ".",
    "buffer",
    "jlexer",
    "jwriter",
  ]
  pruneopts = "UT"
  revision = "fca00f44f19dad8763e34502718a2bb90d98bdc1"

[[projects]]
  digest = "0:"
  name = "github.com/mattn/go-colorable"
  packages = ["."]
  pruneopts = "UT"
  revision = "167de6bfdfba052fa6b2d3664c8f5272e23c9072"
  version = "v0.0.9"

[[projects]]
  digest = "0:"
  name = "github.com/mattn/go-isatty"
  packages = ["."]
  pruneopts = "UT"
  revision = "7b513a986450394f7bbf1476909911b3aa3a55ce"
  version = "v0.0.12"

[[projects]]
  digest = "0:"
  name = "github.com/mattn/go-runewidth"
  packages = ["."]
  pruneopts = "UT"
  revision = "14e809f6d78fcf9f48ff9b70981472b64c05f754"
  version = "v0.0.9"

[[projects]]
  digest = "0:"
  name = "github.com/mattn/go-zglob"
  packages = [
    ".",
    "fastwalk",
  ]
  pruneopts = "UT"
  revision = "ec22af56b6f3faf79c2afcb587d8d79a78878a42"
  version = "v0.0.3"

[[projects]]
  branch = "master"
  digest = "0:"
  name = "github.com/mitchellh/go-homedir"
  packages = ["."]
  pruneopts = "UT"
  revision = "af06845cf3004701891bf4fdb884bfe4920b3727"

[[projects]]
  digest = "0:"
  name = "github.com/mitchellh/mapstructure"
  packages = ["."]
  pruneopts = "UT"
  revision = "9e1e4717f8567d7ead72d070d064ad17d444a67e"
  version = "v1.3.3"

[[projects]]
  digest = "0:"
  name = "github.com/modern-go/concurrent"
  packages = ["."]
  pruneopts = "UT"
  revision = "bacd9c7ef1dd9b15be4a9909b8ac7a4e313eec94"
  version = "1.0.3"

[[projects]]
  digest = "0:"
  name = "github.com/modern-go/reflect2"
  packages = ["."]
  pruneopts = "UT"
  revision = "4b7aa43c6742a2c18fdef89dd197aaae7dac7ccd"
  version = "1.0.1"

[[projects]]
  branch = "master"
  digest = "0:"
  name = "github.com/nicolai86/instruments"
  packages = ["."]
  pruneopts = "UT"
  revision = "a667d8f6e278892ccc3bc78f7fc6a6364fd68124"

[[projects]]
  branch = "master"
  digest = "0:"
  name = "github.com/olekukonko/tablewriter"
  packages = ["."]
  pruneopts = "UT"
  revision = "42e21c7531a331ccf90bae20a8816b7c4ecf6b72"

[[projects]]
  branch = "master"
  digest = "0:"
  name = "github.com/opentracing-contrib/go-observer"
  packages = ["."]
  pruneopts = "UT"
  revision = "a52f2342449246d5bcc273e65cbdcfa5f7d6c63c"

[[projects]]
  branch = "master"
  digest = "0:"
  name = "github.com/opentracing-contrib/perfevents"
  packages = ["go"]
  pruneopts = "UT"
  revision = "a7a7e747782c021caa5c44ef98157f761bf56970"

[[projects]]
  digest = "0:"
  name = "github.com/opentracing/opentracing-go"
  packages = [
    ".",
    "ext",
    "log",
  ]
  pruneopts = "UT"
  revision = "d34af3eaa63c4d08ab54863a4bdd0daa45212e12"
  version = "v1.2.0"

[[projects]]
  digest = "0:"
  name = "github.com/pelletier/go-toml"
  packages = ["."]
  pruneopts = "UT"
  revision = "65ca8064882c8c308e5c804c5d5443d409e0738c"
  version = "v1.8.1"

[[projects]]
  digest = "0:"
  name = "github.com/philhofer/fwd"
  packages = ["."]
  pruneopts = "UT"
  revision = "414ae1bb9ed152f441b372db076776b3a937ebf5"
  version = "v1.1.0"

[[projects]]
  digest = "0:"
  name = "github.com/pkg/errors"
  packages = ["."]
  pruneopts = "UT"
  revision = "ba968bfe8b2f7e042a574c888954fccecfa385b4"
  version = "v0.8.1"

[[projects]]
  digest = "0:"
  name = "github.com/pmezard/go-difflib"
  packages = ["difflib"]
  pruneopts = "UT"
  revision = "792786c7400a136282c1664665ae0a8db921c6c2"
  version = "v1.0.0"

[[projects]]
  branch = "master"
  digest = "0:"
  name = "github.com/rai-project/config"
  packages = ["."]
  pruneopts = "UT"
  revision = "3bd01e698aad9bbfa8efa27dc763ba1d38ccaa91"

[[projects]]
  branch = "master"
  digest = "0:"
  name = "github.com/rai-project/database"
  packages = [
    ".",
    "mongodb",
  ]
  pruneopts = "UT"
  revision = "b95d2bc2071b25b8af03e6aaf6cb6bd7dfb5911a"

[[projects]]
  branch = "master"
  digest = "0:"
  name = "github.com/rai-project/go-echarts"
  packages = ["charts"]
  pruneopts = "UT"
  revision = "cf02e63b120787a97f934850e57d547206c9a64d"

[[projects]]
  branch = "master"
  digest = "0:"
  name = "github.com/rai-project/godotenv"
  packages = ["."]
  pruneopts = "UT"
  revision = "72ca456a35f42d911b5a3f25ef9ea42636a22b3b"

[[projects]]
  branch = "master"
  digest = "0:"
  name = "github.com/rai-project/logger"
  packages = [
    ".",
    "hooks",
    "hooks/logruzio",
  ]
  pruneopts = "UT"
  revision = "49978a80bf96e896fd525f153518056b3b75fdf1"

[[projects]]
  branch = "master"
  digest = "0:"
  name = "github.com/rai-project/machine"
  packages = [
    ".",
    "os",
  ]
  pruneopts = "UT"
  revision = "16d40a8bc810dd4bda476f87f15607effddedb84"

[[projects]]
  branch = "master"
  digest = "0:"
  name = "github.com/rai-project/nvidia-smi"
  packages = ["."]
  pruneopts = "UT"
  revision = "864eb441c9ae3171601e2e9df942b9ca386612c0"

[[projects]]
  branch = "master"
  digest = "0:"
  name = "github.com/rai-project/nvml-go"
  packages = ["."]
  pruneopts = "UT"
  revision = "4e1189bcc320475bfec1306c719b78939c31a00d"

[[projects]]
  branch = "master"
  digest = "0:"
  name = "github.com/rai-project/parallel"
  packages = ["tunny"]
  pruneopts = "UT"
  revision = "af2eac9a09aeb45cf1ec62dd4de0b81e0b08fbaa"

[[projects]]
  branch = "master"
  digest = "0:"
  name = "github.com/rai-project/tegra"
  packages = ["."]
  pruneopts = "UT"
  revision = "1d9901ca382bfae82f47b1ddb5fb67a019d254e8"

[[projects]]
  branch = "master"
  digest = "0:"
  name = "github.com/rai-project/tracer"
  packages = [
    ".",
    "all",
    "convert",
    "defaults",
    "jaeger",
    "noop",
    "observer",
    "utils",
  ]
  pruneopts = "UT"
  revision = "97d6a9677dc3a0e73fc9df74d366323884c19190"

[[projects]]
  branch = "master"
  digest = "0:"
  name = "github.com/rai-project/utils"
  packages = [
    ".",
    "browser",
  ]
  pruneopts = "UT"
  revision = "addd4cf1893f82eadf3982b92dec25f87d0453e2"

[[projects]]
  branch = "master"
  digest = "0:"
  name = "github.com/rai-project/uuid"
  packages = ["."]
  pruneopts = "UT"
  revision = "2a4c8b922cc6a17bd16f236d4bb06134972289f2"

[[projects]]
  branch = "master"
  digest = "0:"
  name = "github.com/rai-project/vipertags"
  packages = ["."]
  pruneopts = "UT"
  revision = "d63b0a674aa95058902e234d2e9e5d1a13aa46a3"

[[projects]]
  branch = "master"
  digest = "0:"
  name = "github.com/ready-steady/sort"
  packages = ["."]
  pruneopts = "UT"
  revision = "c3763d4578b897f96e098fc60912364f79e83721"

[[projects]]
  branch = "master"
  digest = "0:"
  name = "github.com/sebest/logrusly"
  packages = ["."]
  pruneopts = "UT"
  revision = "3235eccb8edc74d09a3e9727b13cce44644188f1"

[[projects]]
  digest = "0:"
  name = "github.com/segmentio/go-loggly"
  packages = ["."]
  pruneopts = "UT"
  revision = "3e0cec4266ddf583aecef51bb8e9badc3cca5314"
  version = "v0.5.0"

[[projects]]
  digest = "0:"
  name = "github.com/shirou/gopsutil"
  packages = [
    "internal/common",
    "mem",
  ]
  pruneopts = "UT"
  revision = "5084874a4c559ab9141f1645e3d3e7e89ce11fcf"
  version = "v2.20.9"

[[projects]]
  digest = "0:"
  name = "github.com/sirupsen/logrus"
  packages = [
    ".",
    "hooks/syslog",
  ]
  pruneopts = "UT"
  revision = "6699a89a232f3db797f2e280639854bbc4b89725"
  version = "v1.7.0"

[[projects]]
  digest = "0:"
  name = "github.com/spf13/afero"
  packages = [
    ".",
    "mem",
  ]
  pruneopts = "UT"
  revision = "efa411e911857ed4705ed931b474891a88f71a73"
  version = "v1.4.1"

[[projects]]
  digest = "0:"
  name = "github.com/spf13/cast"
  packages = ["."]
  pruneopts = "UT"
  revision = "1ffadf551085444af981432dd0f6d1160c11ec64"
  version = "v1.3.1"

[[projects]]
  branch = "master"
  digest = "0:"
  name = "github.com/spf13/cobra"
  packages = ["."]
  pruneopts = "UT"
  revision = "86f8bfd7fef868a174e1b606783bd7f5c82ddf8f"

[[projects]]
  digest = "0:"
  name = "github.com/spf13/jwalterweatherman"
  packages = ["."]
  pruneopts = "UT"
  revision = "94f6ae3ed3bceceafa716478c5fbf8d29ca601a1"
  version = "v1.1.0"

[[projects]]
  digest = "0:"
  name = "github.com/spf13/pflag"
  packages = ["."]
  pruneopts = "UT"
  revision = "2e9d26c8c37aae03e3f9d4e90b7116f5accb7cab"
  version = "v1.0.5"

[[projects]]
  branch = "master"
  digest = "0:"
  name = "github.com/spf13/viper"
  packages = [
    ".",
    "remote",
  ]
  pruneopts = "UT"
  revision = "f415025b98ce3cd4fcc5a1500cf9a68a5c5ce28b"

[[projects]]
  digest = "0:"
  name = "github.com/stretchr/testify"
  packages = ["assert"]
  pruneopts = "UT"
  revision = "f654a9112bbeac49ca2cd45bfbe11533c4666cf8"
  version = "v1.6.1"

[[projects]]
  digest = "0:"
  name = "github.com/subosito/gotenv"
  packages = ["."]
  pruneopts = "UT"
  revision = "2ef7124db659d49edac6aa459693a15ae36c671a"
  version = "v1.2.0"

[[projects]]
  digest = "0:"
  name = "github.com/tinylib/msgp"
  packages = ["msgp"]
  pruneopts = "UT"
  revision = "4253cdaa5267687e3b7612da7ff105d4414174da"
  version = "v1.1.2"

[[projects]]
  digest = "0:"
  name = "github.com/uber/jaeger"
  packages = [
    "model",
    "model/json",
  ]
  pruneopts = "UT"
  revision = "480ba74362c3a081371c247732eb6d9be187364d"
  version = "v1.20.0"

[[projects]]
  digest = "0:"
  name = "github.com/uber/jaeger-client-go"
  packages = [
    ".",
    "internal/baggage",
    "internal/reporterstats",
    "internal/spanlog",
    "internal/throttler",
    "log",
    "thrift",
    "thrift-gen/agent",
    "thrift-gen/jaeger",
    "thrift-gen/sampling",
    "thrift-gen/zipkincore",
    "transport/zipkin",
    "utils",
    "zipkin",
  ]
  pruneopts = "UT"
  revision = "121ee6fb26fd9617fc30d0d95569a39c30ca3b76"
  version = "v2.25.0"

[[projects]]
  digest = "0:"
  name = "github.com/uber/jaeger-lib"
  packages = ["metrics"]
  pruneopts = "UT"
  revision = "913f2d19ac0541c6e986209adcec4904c1a565b6"
  version = "v2.4.0"

[[projects]]
  branch = "master"
  digest = "0:"
  name = "github.com/ulule/deepcopier"
  packages = ["."]
  pruneopts = "UT"
  revision = "45decc6639b634774af79cefff24e6b9670f5847"

[[projects]]
  branch = "master"
  digest = "0:"
  name = "github.com/wercker/journalhook"
  packages = ["."]
  pruneopts = "UT"
  revision = "5d0a5ae867b354cbbbd2a9ab8d66b4f96cfaa741"

[[projects]]
  digest = "0:"
  name = "go.etcd.io/etcd"
  packages = [
    "pkg/pathutil",
    "pkg/srv",
    "pkg/types",
    "version",
  ]
  pruneopts = "UT"
  revision = "ae9734ed278b7a1a7dfc82e800471ebbf9fce56f"
  version = "v3.4.13"

[[projects]]
  digest = "0:"
  name = "go.opencensus.io"
  packages = [
    ".",
    "internal",
    "internal/tagencoding",
    "metric/metricdata",
    "metric/metricproducer",
    "plugin/ocgrpc",
    "plugin/ochttp",
    "plugin/ochttp/propagation/b3",
    "resource",
    "stats",
    "stats/internal",
    "stats/view",
    "tag",
    "trace",
    "trace/internal",
    "trace/propagation",
    "trace/tracestate",
  ]
  pruneopts = "UT"
  revision = "3fb168f674736c026e623310bfccb0691e6dec8a"
  version = "v0.22.5"

[[projects]]
  digest = "0:"
  name = "go.uber.org/atomic"
  packages = ["."]
  pruneopts = "UT"
  revision = "12f27ba2637fa0e13772a4f05fa46a5d18d53182"
  version = "v1.7.0"

[[projects]]
  branch = "master"
  digest = "0:"
  name = "golang.org/x/crypto"
  packages = [
    "cast5",
    "openpgp",
    "openpgp/armor",
    "openpgp/elgamal",
    "openpgp/errors",
    "openpgp/packet",
    "openpgp/s2k",
  ]
  pruneopts = "UT"
  revision = "9e8e0b390897c84cad53ebe9ed2d1d331a5394d9"

[[projects]]
  branch = "master"
  digest = "0:"
  name = "golang.org/x/lint"
  packages = [
    ".",
    "golint",
  ]
  pruneopts = "UT"
  revision = "738671d3881b9731cc63024d5d88cf28db875626"

[[projects]]
  digest = "0:"
  name = "golang.org/x/mod"
  packages = [
    "module",
    "semver",
  ]
  pruneopts = "UT"
  revision = "859b3ef565e237f9f1a0fb6b55385c497545680d"
  version = "v0.3.0"

[[projects]]
  branch = "master"
  digest = "0:"
  name = "golang.org/x/net"
  packages = [
    "context",
    "context/ctxhttp",
    "http/httpguts",
    "http2",
    "http2/hpack",
    "idna",
    "internal/timeseries",
    "publicsuffix",
    "trace",
  ]
  pruneopts = "UT"
  revision = "ff519b6c91021e6316e1df005bc19f266994ddda"

[[projects]]
  branch = "master"
  digest = "0:"
  name = "golang.org/x/oauth2"
  packages = [
    ".",
    "google",
    "internal",
    "jws",
    "jwt",
  ]
  pruneopts = "UT"
  revision = "5d25da1a8d43b66f2898c444f899c7bcfd6a407e"

[[projects]]
  branch = "master"
  digest = "0:"
  name = "golang.org/x/sync"
  packages = ["syncmap"]
  pruneopts = "UT"
  revision = "67f06af15bc961c363a7260195bcd53487529a21"

[[projects]]
  branch = "master"
  digest = "0:"
  name = "golang.org/x/sys"
  packages = [
    "internal/unsafeheader",
    "unix",
    "windows",
  ]
  pruneopts = "UT"
  revision = "201ba4db2418b54b698efb4d8082dcb504617cdb"

[[projects]]
  digest = "0:"
  name = "golang.org/x/text"
  packages = [
    "collate",
    "collate/build",
    "internal/colltab",
    "internal/gen",
    "internal/language",
    "internal/language/compact",
    "internal/tag",
    "internal/triegen",
    "internal/ucd",
    "language",
    "secure/bidirule",
    "transform",
    "unicode/bidi",
    "unicode/cldr",
    "unicode/norm",
    "unicode/rangetable",
  ]
  pruneopts = "UT"
  revision = "22f1617af38ed4cd65b3b96e02bab267e560155c"
  version = "v0.3.4"

[[projects]]
  branch = "master"
  digest = "0:"
  name = "golang.org/x/tools"
  packages = [
    "cmd/goimports",
    "go/ast/astutil",
    "go/gcexportdata",
    "go/internal/gcimporter",
    "go/types/typeutil",
    "internal/event",
    "internal/event/core",
    "internal/event/keys",
    "internal/event/label",
    "internal/fastwalk",
    "internal/gocommand",
    "internal/gopathwalk",
    "internal/imports",
  ]
  pruneopts = "UT"
  revision = "582c62ec74d06936c88d4b760c63cbc2925e69c7"

[[projects]]
  branch = "master"
  digest = "0:"
  name = "golang.org/x/xerrors"
  packages = [
    ".",
    "internal",
  ]
  pruneopts = "UT"
  revision = "5ec99f83aff198f5fbd629d6c8d8eb38a04218ca"

[[projects]]
  digest = "0:"
  name = "google.golang.org/api"
  packages = [
    "googleapi",
    "googleapi/transport",
    "internal",
    "internal/impersonate",
    "internal/third_party/uritemplates",
    "iterator",
    "option",
    "transport",
    "transport/cert",
    "transport/grpc",
    "transport/http",
    "transport/http/internal/propagation",
    "transport/internal/dca",
  ]
  pruneopts = "UT"
  revision = "e10ce72b1284e32b9a23504649328761da5dcfdb"
  version = "v0.34.0"

[[projects]]
  digest = "0:"
  name = "google.golang.org/appengine"
  packages = [
    ".",
    "internal",
    "internal/app_identity",
    "internal/base",
    "internal/datastore",
    "internal/log",
    "internal/modules",
    "internal/remote_api",
    "internal/socket",
    "internal/urlfetch",
    "socket",
    "urlfetch",
  ]
  pruneopts = "UT"
  revision = "5d1c1d03f8703c2e81478d9a30e9afa2d3e4bd8a"
  version = "v1.6.7"

[[projects]]
  branch = "master"
  digest = "0:"
  name = "google.golang.org/genproto"
  packages = [
    "googleapis/api/annotations",
    "googleapis/api/httpbody",
    "googleapis/firestore/v1",
    "googleapis/rpc/code",
    "googleapis/rpc/status",
    "googleapis/type/latlng",
    "protobuf/field_mask",
  ]
  pruneopts = "UT"
  revision = "24207fddd1c3948fcd60d2073016c974d694328f"

[[projects]]
  digest = "0:"
  name = "google.golang.org/grpc"
  packages = [
    ".",
    "attributes",
    "backoff",
    "balancer",
    "balancer/base",
    "balancer/grpclb",
    "balancer/grpclb/grpc_lb_v1",
    "balancer/grpclb/state",
    "balancer/roundrobin",
    "binarylog/grpc_binarylog_v1",
    "codes",
    "connectivity",
    "credentials",
    "credentials/alts",
    "credentials/alts/internal",
    "credentials/alts/internal/authinfo",
    "credentials/alts/internal/conn",
    "credentials/alts/internal/handshaker",
    "credentials/alts/internal/handshaker/service",
    "credentials/alts/internal/proto/grpc_gcp",
    "credentials/google",
    "credentials/oauth",
    "encoding",
    "encoding/proto",
    "grpclog",
    "internal",
    "internal/backoff",
    "internal/balancerload",
    "internal/binarylog",
    "internal/buffer",
    "internal/channelz",
    "internal/credentials",
    "internal/envconfig",
    "internal/grpclog",
    "internal/grpcrand",
    "internal/grpcsync",
    "internal/grpcutil",
    "internal/resolver/dns",
    "internal/resolver/passthrough",
    "internal/serviceconfig",
    "internal/status",
    "internal/syscall",
    "internal/transport",
    "keepalive",
    "metadata",
    "peer",
    "resolver",
    "serviceconfig",
    "stats",
    "status",
    "tap",
  ]
  pruneopts = "UT"
  revision = "a767afcb69f50a47471acd75d5a1ad062561554d"
  version = "v1.33.1"

[[projects]]
  digest = "0:"
  name = "google.golang.org/protobuf"
  packages = [
    "cmd/protoc-gen-go/internal_gengo",
    "compiler/protogen",
    "encoding/protojson",
    "encoding/prototext",
    "encoding/protowire",
    "internal/descfmt",
    "internal/descopts",
    "internal/detrand",
    "internal/encoding/defval",
    "internal/encoding/json",
    "internal/encoding/messageset",
    "internal/encoding/tag",
    "internal/encoding/text",
    "internal/errors",
    "internal/fieldsort",
    "internal/filedesc",
    "internal/filetype",
    "internal/flags",
    "internal/genid",
    "internal/impl",
    "internal/mapsort",
    "internal/pragma",
    "internal/set",
    "internal/strs",
    "internal/version",
    "proto",
    "reflect/protodesc",
    "reflect/protoreflect",
    "reflect/protoregistry",
    "runtime/protoiface",
    "runtime/protoimpl",
    "types/descriptorpb",
    "types/known/anypb",
    "types/known/durationpb",
    "types/known/emptypb",
    "types/known/fieldmaskpb",
    "types/known/structpb",
    "types/known/timestamppb",
    "types/known/wrapperspb",
    "types/pluginpb",
  ]
  pruneopts = "UT"
  revision = "3f7a61f89bb6813f89d981d1870ed68da0b3c3f1"
  version = "v1.25.0"

[[projects]]
  digest = "0:"
  name = "gopkg.in/gemnasium/logrus-airbrake-hook.v3"
  packages = ["."]
  pruneopts = "UT"
  revision = "cb25691e43299559827ffb285b0bb5626b722fa7"

[[projects]]
  digest = "0:"
  name = "gopkg.in/gemnasium/logrus-graylog-hook.v2"
  packages = ["."]
  pruneopts = "UT"
  revision = "c4a7de647eaaac00ffea599b7773e5e6804fa3b7"
  version = "v2.0.7"

[[projects]]
  digest = "0:"
  name = "gopkg.in/ini.v1"
  packages = ["."]
  pruneopts = "UT"
  revision = "5e97220809ffaa826f787728501264e9114cb834"
  version = "v1.62.0"

[[projects]]
  branch = "v2"
  digest = "0:"
  name = "gopkg.in/mgo.v2"
  packages = [
    ".",
    "bson",
    "internal/json",
    "internal/sasl",
    "internal/scram",
  ]
  pruneopts = "UT"
  revision = "a6b53ec6cb22a3699387a57a161566f9402ee85b"

[[projects]]
  digest = "0:"
  name = "gopkg.in/yaml.v2"
  packages = ["."]
  pruneopts = "UT"
  revision = "0b1645d91e851e735d3e23330303ce81f70adbe3"
  version = "v2.3.0"

[[projects]]
  branch = "v3"
  digest = "0:"
  name = "gopkg.in/yaml.v3"
  packages = ["."]
  pruneopts = "UT"
  revision = "eeeca48fe7764f320e4870d231902bf9c1be2c08"

[[projects]]
  digest = "0:"
  name = "upper.io/db.v3"
  packages = [
    ".",
    "internal/immutable",
    "mongo",
  ]
  pruneopts = "UT"
  revision = "2f58dea678dbdcd3710158e8572025ef4d2c6df7"
  version = "v3.5.7"

[solve-meta]
  analyzer-name = "dep"
  analyzer-version = 1
  input-imports = [
    "github.com/AlekSi/pointer",
    "github.com/GeertJohan/go-sourcepath",
    "github.com/Unknwon/com",
    "github.com/c3sr/dlframework",
    "github.com/c3sr/dlframework/framework/cmd",
    "github.com/c3sr/dlframework/framework/feature",
    "github.com/cheekybits/genny/generic",
    "github.com/chewxy/math32",
    "github.com/fatih/structs",
    "github.com/getlantern/deepcopy",
    "github.com/golang/snappy",
    "github.com/ianlancetaylor/demangle",
    "github.com/k0kubun/pp",
    "github.com/levigross/grequests",
    "github.com/mailru/easyjson",
    "github.com/mailru/easyjson/jlexer",
    "github.com/mailru/easyjson/jwriter",
    "github.com/mattn/go-zglob",
    "github.com/mitchellh/go-homedir",
    "github.com/olekukonko/tablewriter",
    "github.com/pkg/errors",
    "github.com/rai-project/config",
    "github.com/rai-project/database",
    "github.com/rai-project/database/mongodb",
    "github.com/rai-project/go-echarts/charts",
    "github.com/rai-project/logger",
    "github.com/rai-project/logger/hooks",
    "github.com/rai-project/machine",
    "github.com/rai-project/nvidia-smi",
    "github.com/rai-project/parallel/tunny",
    "github.com/rai-project/tracer",
    "github.com/rai-project/tracer/all",
    "github.com/rai-project/tracer/convert",
    "github.com/rai-project/utils/browser",
    "github.com/ready-steady/sort",
    "github.com/sirupsen/logrus",
    "github.com/spf13/cast",
    "github.com/spf13/cobra",
    "github.com/stretchr/testify/assert",
    "github.com/uber/jaeger/model",
    "github.com/uber/jaeger/model/json",
    "gopkg.in/mgo.v2",
    "gopkg.in/mgo.v2/bson",
    "upper.io/db.v3",
  ]
  solver-name = "gps-cdcl"
  solver-version = 1
